
Microsoft Visual Studio Solution File, Format Version 12.00
# Visual Studio Version 17
VisualStudioVersion = 17.7.34031.279
MinimumVisualStudioVersion = 10.0.40219.1
Project("{8BC9CEB8-8B4A-11D0-8D11-00A0C91BC942}") = "11_StaticCasting", "11_StaticCasting\11_StaticCasting.vcxproj", "{8CA44730-E829-4304-9FC4-F7B2A70C2248}"
EndProject
Global
	GlobalSection(SolutionConfigurationPlatforms) = preSolution
		Debug|x64 = Debug|x64
		Debug|x86 = Debug|x86
		Release|x64 = Release|x64
		Release|x86 = Release|x86
	EndGlobalSection
	GlobalSection(ProjectConfigurationPlatforms) = postSolution
		{8CA44730-E829-4304-9FC4-F7B2A70C2248}.Debug|x64.ActiveCfg = Debug|x64
		{8CA44730-E829-4304-9FC4-F7B2A70C2248}.Debug|x64.Build.0 = Debug|x64
		{8CA44730-E829-4304-9FC4-F7B2A70C2248}.Debug|x86.ActiveCfg = Debug|Win32
		{8CA44730-E829-4304-9FC4-F7B2A70C2248}.Debug|x86.Build.0 = Debug|Win32
		{8CA44730-E829-4304-9FC4-F7B2A70C2248}.Release|x64.ActiveCfg = Release|x64
		{8CA44730-E829-4304-9FC4-F7B2A70C2248}.Release|x64.Build.0 = Release|x64
		{8CA44730-E829-4304-9FC4-F7B2A70C2248}.Release|x86.ActiveCfg = Release|Win32
		{8CA44730-E829-4304-9FC4-F7B2A70C2248}.Release|x86.Build.0 = Release|Win32
	EndGlobalSection
	GlobalSection(SolutionProperties) = preSolution
		HideSolutionNode = FALSE
	EndGlobalSection
	GlobalSection(ExtensibilityGlobals) = postSolution
		SolutionGuid = {49AF3D49-2451-4E97-8AA1-A704E9C34C68}
	EndGlobalSection
EndGlobal
